
Microsoft Visual Studio Solution File, Format Version 12.00
# Visual Studio 15
VisualStudioVersion = 15.0.28307.1145
MinimumVisualStudioVersion = 10.0.40219.1
Project("{FAE04EC0-301F-11D3-BF4B-00C04F79EFBC}") = "certificateSystem", "certificateSystem\certificateSystem.csproj", "{236E0A0D-FC75-4698-BDB7-1C42BAA5F869}"
EndProject
Global
	GlobalSection(SolutionConfigurationPlatforms) = preSolution
		Debug|Any CPU = Debug|Any CPU
		Debug|x64 = Debug|x64
		Debug|x86 = Debug|x86
		Release|Any CPU = Release|Any CPU
		Release|x64 = Release|x64
		Release|x86 = Release|x86
	EndGlobalSection
	GlobalSection(ProjectConfigurationPlatforms) = postSolution
		{236E0A0D-FC75-4698-BDB7-1C42BAA5F869}.Debug|Any CPU.ActiveCfg = Debug|Any CPU
		{236E0A0D-FC75-4698-BDB7-1C42BAA5F869}.Debug|Any CPU.Build.0 = Debug|Any CPU
		{236E0A0D-FC75-4698-BDB7-1C42BAA5F869}.Debug|x64.ActiveCfg = Debug|Any CPU
		{236E0A0D-FC75-4698-BDB7-1C42BAA5F869}.Debug|x64.Build.0 = Debug|Any CPU
		{236E0A0D-FC75-4698-BDB7-1C42BAA5F869}.Debug|x86.ActiveCfg = Debug|Any CPU
		{236E0A0D-FC75-4698-BDB7-1C42BAA5F869}.Debug|x86.Build.0 = Debug|Any CPU
		{236E0A0D-FC75-4698-BDB7-1C42BAA5F869}.Release|Any CPU.ActiveCfg = Release|Any CPU
		{236E0A0D-FC75-4698-BDB7-1C42BAA5F869}.Release|Any CPU.Build.0 = Release|Any CPU
		{236E0A0D-FC75-4698-BDB7-1C42BAA5F869}.Release|x64.ActiveCfg = Release|x64
		{236E0A0D-FC75-4698-BDB7-1C42BAA5F869}.Release|x64.Build.0 = Release|x64
		{236E0A0D-FC75-4698-BDB7-1C42BAA5F869}.Release|x86.ActiveCfg = Release|x86
		{236E0A0D-FC75-4698-BDB7-1C42BAA5F869}.Release|x86.Build.0 = Release|x86
	EndGlobalSection
	GlobalSection(SolutionProperties) = preSolution
		HideSolutionNode = FALSE
	EndGlobalSection
	GlobalSection(ExtensibilityGlobals) = postSolution
		SolutionGuid = {18B5B311-E7B5-45B7-B899-15377A62ACFE}
	EndGlobalSection
EndGlobal
